
Microsoft Visual Studio Solution File, Format Version 12.00
# Visual Studio 15
VisualStudioVersion = 15.0.26430.12
MinimumVisualStudioVersion = 10.0.40219.1
Project("{FAE04EC0-301F-11D3-BF4B-00C04F79EFBC}") = "QuickHelp", "QuickHelp\QuickHelp.csproj", "{C18C4ED1-E4B6-4DC3-B7CF-55053FEC165B}"
EndProject
Project("{FAE04EC0-301F-11D3-BF4B-00C04F79EFBC}") = "HelpBrowser", "HelpBrowser\HelpBrowser.csproj", "{00E978CD-7420-40EA-91A2-18E0F3CFF5C1}"
EndProject
Project("{FAE04EC0-301F-11D3-BF4B-00C04F79EFBC}") = "HelpConvert", "HelpConvert\HelpConvert.csproj", "{469806C9-9B3B-4AA2-94D9-35A2143FC585}"
EndProject
Project("{2150E333-8FDC-42A3-9474-1A3956D46DE8}") = "Solution Items", "Solution Items", "{FC1F06ED-D17E-4F95-94F2-B133245A89D1}"
	ProjectSection(SolutionItems) = preProject
		LICENSE = LICENSE
		README.md = README.md
	EndProjectSection
EndProject
Global
	GlobalSection(SolutionConfigurationPlatforms) = preSolution
		Debug|Any CPU = Debug|Any CPU
		Release|Any CPU = Release|Any CPU
	EndGlobalSection
	GlobalSection(ProjectConfigurationPlatforms) = postSolution
		{C18C4ED1-E4B6-4DC3-B7CF-55053FEC165B}.Debug|Any CPU.ActiveCfg = Debug|Any CPU
		{C18C4ED1-E4B6-4DC3-B7CF-55053FEC165B}.Debug|Any CPU.Build.0 = Debug|Any CPU
		{C18C4ED1-E4B6-4DC3-B7CF-55053FEC165B}.Release|Any CPU.ActiveCfg = Release|Any CPU
		{C18C4ED1-E4B6-4DC3-B7CF-55053FEC165B}.Release|Any CPU.Build.0 = Release|Any CPU
		{00E978CD-7420-40EA-91A2-18E0F3CFF5C1}.Debug|Any CPU.ActiveCfg = Debug|Any CPU
		{00E978CD-7420-40EA-91A2-18E0F3CFF5C1}.Debug|Any CPU.Build.0 = Debug|Any CPU
		{00E978CD-7420-40EA-91A2-18E0F3CFF5C1}.Release|Any CPU.ActiveCfg = Release|Any CPU
		{00E978CD-7420-40EA-91A2-18E0F3CFF5C1}.Release|Any CPU.Build.0 = Release|Any CPU
		{469806C9-9B3B-4AA2-94D9-35A2143FC585}.Debug|Any CPU.ActiveCfg = Debug|Any CPU
		{469806C9-9B3B-4AA2-94D9-35A2143FC585}.Debug|Any CPU.Build.0 = Debug|Any CPU
		{469806C9-9B3B-4AA2-94D9-35A2143FC585}.Release|Any CPU.ActiveCfg = Release|Any CPU
		{469806C9-9B3B-4AA2-94D9-35A2143FC585}.Release|Any CPU.Build.0 = Release|Any CPU
	EndGlobalSection
	GlobalSection(SolutionProperties) = preSolution
		HideSolutionNode = FALSE
	EndGlobalSection
EndGlobal
